
Microsoft Visual Studio Solution File, Format Version 12.00
# Visual Studio Version 16
VisualStudioVersion = 16.0.32002.261
MinimumVisualStudioVersion = 10.0.40219.1
Project("{9A19103F-16F7-4668-BE54-9A1E7A4F7556}") = "BE.Dal", "BE.Dal\BE.Dal.csproj", "{AB303685-D44E-46A2-AD3C-F16ADD1A14DD}"
EndProject
Project("{9A19103F-16F7-4668-BE54-9A1E7A4F7556}") = "BE.Model", "BE.Model\BE.Model.csproj", "{73F1E39D-077D-4300-AEF5-E7C5BC5B539E}"
EndProject
Project("{9A19103F-16F7-4668-BE54-9A1E7A4F7556}") = "BE.Service", "BE.Service\BE.Service.csproj", "{EBBF6BAA-61C4-4D31-9A10-A1F50915195E}"
EndProject
Project("{9A19103F-16F7-4668-BE54-9A1E7A4F7556}") = "BE.WebApi", "BE.WebApi\BE.WebApi.csproj", "{0871BEB4-BBA6-4B41-A2C9-48931C47A0BA}"
EndProject
Project("{2150E333-8FDC-42A3-9474-1A3956D46DE8}") = "Data", "Data", "{8471FAFE-576F-4BBD-946C-65D63BCB5014}"
EndProject
Project("{2150E333-8FDC-42A3-9474-1A3956D46DE8}") = "API", "API", "{FCEEC9EA-BDF2-45F6-B18F-CB47EE3CE794}"
EndProject
Project("{2150E333-8FDC-42A3-9474-1A3956D46DE8}") = "Frontend", "Frontend", "{6F4DA233-4C14-4437-B61A-6846C42FD25B}"
EndProject
Project("{9A19103F-16F7-4668-BE54-9A1E7A4F7556}") = "BE.Web", "BE.Web\BE.Web.csproj", "{D58134E6-E782-4F58-9663-EACA554AEC0F}"
EndProject
Project("{2150E333-8FDC-42A3-9474-1A3956D46DE8}") = "Exercise1", "Exercise1", "{B7AB76B5-1A60-45FF-B5CD-B86856C3A329}"
EndProject
Project("{2150E333-8FDC-42A3-9474-1A3956D46DE8}") = "Exercise3", "Exercise3", "{F041CA55-AF8A-4FD8-A904-7249895CF3C1}"
EndProject
Project("{FAE04EC0-301F-11D3-BF4B-00C04F79EFBC}") = "FibonacciN", "FibonacciN\FibonacciN.csproj", "{CC860B24-0946-4FE2-94C4-D6CFB375E8B2}"
EndProject
Global
	GlobalSection(SolutionConfigurationPlatforms) = preSolution
		Debug|Any CPU = Debug|Any CPU
		Release|Any CPU = Release|Any CPU
	EndGlobalSection
	GlobalSection(ProjectConfigurationPlatforms) = postSolution
		{AB303685-D44E-46A2-AD3C-F16ADD1A14DD}.Debug|Any CPU.ActiveCfg = Debug|Any CPU
		{AB303685-D44E-46A2-AD3C-F16ADD1A14DD}.Debug|Any CPU.Build.0 = Debug|Any CPU
		{AB303685-D44E-46A2-AD3C-F16ADD1A14DD}.Release|Any CPU.ActiveCfg = Release|Any CPU
		{AB303685-D44E-46A2-AD3C-F16ADD1A14DD}.Release|Any CPU.Build.0 = Release|Any CPU
		{73F1E39D-077D-4300-AEF5-E7C5BC5B539E}.Debug|Any CPU.ActiveCfg = Debug|Any CPU
		{73F1E39D-077D-4300-AEF5-E7C5BC5B539E}.Debug|Any CPU.Build.0 = Debug|Any CPU
		{73F1E39D-077D-4300-AEF5-E7C5BC5B539E}.Release|Any CPU.ActiveCfg = Release|Any CPU
		{73F1E39D-077D-4300-AEF5-E7C5BC5B539E}.Release|Any CPU.Build.0 = Release|Any CPU
		{EBBF6BAA-61C4-4D31-9A10-A1F50915195E}.Debug|Any CPU.ActiveCfg = Debug|Any CPU
		{EBBF6BAA-61C4-4D31-9A10-A1F50915195E}.Debug|Any CPU.Build.0 = Debug|Any CPU
		{EBBF6BAA-61C4-4D31-9A10-A1F50915195E}.Release|Any CPU.ActiveCfg = Release|Any CPU
		{EBBF6BAA-61C4-4D31-9A10-A1F50915195E}.Release|Any CPU.Build.0 = Release|Any CPU
		{0871BEB4-BBA6-4B41-A2C9-48931C47A0BA}.Debug|Any CPU.ActiveCfg = Debug|Any CPU
		{0871BEB4-BBA6-4B41-A2C9-48931C47A0BA}.Debug|Any CPU.Build.0 = Debug|Any CPU
		{0871BEB4-BBA6-4B41-A2C9-48931C47A0BA}.Release|Any CPU.ActiveCfg = Release|Any CPU
		{0871BEB4-BBA6-4B41-A2C9-48931C47A0BA}.Release|Any CPU.Build.0 = Release|Any CPU
		{D58134E6-E782-4F58-9663-EACA554AEC0F}.Debug|Any CPU.ActiveCfg = Debug|Any CPU
		{D58134E6-E782-4F58-9663-EACA554AEC0F}.Debug|Any CPU.Build.0 = Debug|Any CPU
		{D58134E6-E782-4F58-9663-EACA554AEC0F}.Release|Any CPU.ActiveCfg = Release|Any CPU
		{D58134E6-E782-4F58-9663-EACA554AEC0F}.Release|Any CPU.Build.0 = Release|Any CPU
		{CC860B24-0946-4FE2-94C4-D6CFB375E8B2}.Debug|Any CPU.ActiveCfg = Debug|Any CPU
		{CC860B24-0946-4FE2-94C4-D6CFB375E8B2}.Debug|Any CPU.Build.0 = Debug|Any CPU
		{CC860B24-0946-4FE2-94C4-D6CFB375E8B2}.Release|Any CPU.ActiveCfg = Release|Any CPU
		{CC860B24-0946-4FE2-94C4-D6CFB375E8B2}.Release|Any CPU.Build.0 = Release|Any CPU
	EndGlobalSection
	GlobalSection(SolutionProperties) = preSolution
		HideSolutionNode = FALSE
	EndGlobalSection
	GlobalSection(NestedProjects) = preSolution
		{AB303685-D44E-46A2-AD3C-F16ADD1A14DD} = {8471FAFE-576F-4BBD-946C-65D63BCB5014}
		{73F1E39D-077D-4300-AEF5-E7C5BC5B539E} = {8471FAFE-576F-4BBD-946C-65D63BCB5014}
		{EBBF6BAA-61C4-4D31-9A10-A1F50915195E} = {8471FAFE-576F-4BBD-946C-65D63BCB5014}
		{0871BEB4-BBA6-4B41-A2C9-48931C47A0BA} = {FCEEC9EA-BDF2-45F6-B18F-CB47EE3CE794}
		{8471FAFE-576F-4BBD-946C-65D63BCB5014} = {B7AB76B5-1A60-45FF-B5CD-B86856C3A329}
		{FCEEC9EA-BDF2-45F6-B18F-CB47EE3CE794} = {B7AB76B5-1A60-45FF-B5CD-B86856C3A329}
		{6F4DA233-4C14-4437-B61A-6846C42FD25B} = {B7AB76B5-1A60-45FF-B5CD-B86856C3A329}
		{D58134E6-E782-4F58-9663-EACA554AEC0F} = {6F4DA233-4C14-4437-B61A-6846C42FD25B}
		{CC860B24-0946-4FE2-94C4-D6CFB375E8B2} = {F041CA55-AF8A-4FD8-A904-7249895CF3C1}
	EndGlobalSection
	GlobalSection(ExtensibilityGlobals) = postSolution
		SolutionGuid = {E994C9CC-C9DD-4F43-814D-EDCCA08F9321}
	EndGlobalSection
EndGlobal
